// !$*UTF8*$!
{
	archiveVersion = 1;
	classes = {
	};
	objectVersion = 77;
	objects = {

/* Begin PBXContainerItemProxy section */
		C70727942D717A9C00BD4CF0 /* PBXContainerItemProxy */ = {
			isa = PBXContainerItemProxy;
			containerPortal = C70727752D717A9900BD4CF0 /* Project object */;
			proxyType = 1;
			remoteGlobalIDString = C707277C2D717A9900BD4CF0;
			remoteInfo = MapIntegration1;
		};
		C707279E2D717A9C00BD4CF0 /* PBXContainerItemProxy */ = {
			isa = PBXContainerItemProxy;
			containerPortal = C70727752D717A9900BD4CF0 /* Project object */;
			proxyType = 1;
			remoteGlobalIDString = C707277C2D717A9900BD4CF0;
			remoteInfo = MapIntegration1;
		};
/* End PBXContainerItemProxy section */

/* Begin PBXFileReference section */
		C707277D2D717A9900BD4CF0 /* MapIntegration1.app */ = {isa = PBXFileReference; explicitFileType = wrapper.application; includeInIndex = 0; path = MapIntegration1.app; sourceTree = BUILT_PRODUCTS_DIR; };
		C70727932D717A9C00BD4CF0 /* MapIntegration1Tests.xctest */ = {isa = PBXFileReference; explicitFileType = wrapper.cfbundle; includeInIndex = 0; path = MapIntegration1Tests.xctest; sourceTree = BUILT_PRODUCTS_DIR; };
		C707279D2D717A9C00BD4CF0 /* MapIntegration1UITests.xctest */ = {isa = PBXFileReference; explicitFileType = wrapper.cfbundle; includeInIndex = 0; path = MapIntegration1UITests.xctest; sourceTree = BUILT_PRODUCTS_DIR; };
/* End PBXFileReference section */

/* Begin PBXFileSystemSynchronizedBuildFileExceptionSet section */
		C70727A52D717A9C00BD4CF0 /* Exceptions for "MapIntegration1" folder in "MapIntegration1" target */ = {
			isa = PBXFileSystemSynchronizedBuildFileExceptionSet;
			membershipExceptions = (
				Info.plist,
			);
			target = C707277C2D717A9900BD4CF0 /* MapIntegration1 */;
		};
/* End PBXFileSystemSynchronizedBuildFileExceptionSet section */

/* Begin PBXFileSystemSynchronizedRootGroup section */
		C707277F2D717A9900BD4CF0 /* MapIntegration1 */ = {
			isa = PBXFileSystemSynchronizedRootGroup;
			exceptions = (
				C70727A52D717A9C00BD4CF0 /* Exceptions for "MapIntegration1" folder in "MapIntegration1" target */,
			);
			path = MapIntegration1;
			sourceTree = "<group>";
		};
		C70727962D717A9C00BD4CF0 /* MapIntegration1Tests */ = {
			isa = PBXFileSystemSynchronizedRootGroup;
			path = MapIntegration1Tests;
			sourceTree = "<group>";
		};
		C70727A02D717A9C00BD4CF0 /* MapIntegration1UITests */ = {
			isa = PBXFileSystemSynchronizedRootGroup;
			path = MapIntegration1UITests;
			sourceTree = "<group>";
		};
/* End PBXFileSystemSynchronizedRootGroup section */

/* Begin PBXFrameworksBuildPhase section */
		C707277A2D717A9900BD4CF0 /* Frameworks */ = {
			isa = PBXFrameworksBuildPhase;
			buildActionMask = 2147483647;
			files = (
			);
			runOnlyForDeploymentPostprocessing = 0;
		};
		C70727902D717A9C00BD4CF0 /* Frameworks */ = {
			isa = PBXFrameworksBuildPhase;
			buildActionMask = 2147483647;
			files = (
			);
			runOnlyForDeploymentPostprocessing = 0;
		};
		C707279A2D717A9C00BD4CF0 /* Frameworks */ = {
			isa = PBXFrameworksBuildPhase;
			buildActionMask = 2147483647;
			files = (
			);
			runOnlyForDeploymentPostprocessing = 0;
		};
/* End PBXFrameworksBuildPhase section */

/* Begin PBXGroup section */
		C70727742D717A9900BD4CF0 = {
			isa = PBXGroup;
			children = (
				C707277F2D717A9900BD4CF0 /* MapIntegration1 */,
				C70727962D717A9C00BD4CF0 /* MapIntegration1Tests */,
				C70727A02D717A9C00BD4CF0 /* MapIntegration1UITests */,
				C707277E2D717A9900BD4CF0 /* Products */,
			);
			sourceTree = "<group>";
		};
		C707277E2D717A9900BD4CF0 /* Products */ = {
			isa = PBXGroup;
			children = (
				C707277D2D717A9900BD4CF0 /* MapIntegration1.app */,
				C70727932D717A9C00BD4CF0 /* MapIntegration1Tests.xctest */,
				C707279D2D717A9C00BD4CF0 /* MapIntegration1UITests.xctest */,
			);
			name = Products;
			sourceTree = "<group>";
		};
/* End PBXGroup section */

/* Begin PBXNativeTarget section */
		C707277C2D717A9900BD4CF0 /* MapIntegration1 */ = {
			isa = PBXNativeTarget;
			buildConfigurationList = C70727A62D717A9C00BD4CF0 /* Build configuration list for PBXNativeTarget "MapIntegration1" */;
			buildPhases = (
				C70727792D717A9900BD4CF0 /* Sources */,
				C707277A2D717A9900BD4CF0 /* Frameworks */,
				C707277B2D717A9900BD4CF0 /* Resources */,
			);
			buildRules = (
			);
			dependencies = (
			);
			fileSystemSynchronizedGroups = (
				C707277F2D717A9900BD4CF0 /* MapIntegration1 */,
			);
			name = MapIntegration1;
			packageProductDependencies = (
			);
			productName = MapIntegration1;
			productReference = C707277D2D717A9900BD4CF0 /* MapIntegration1.app */;
			productType = "com.apple.product-type.application";
		};
		C70727922D717A9C00BD4CF0 /* MapIntegration1Tests */ = {
			isa = PBXNativeTarget;
			buildConfigurationList = C70727AB2D717A9C00BD4CF0 /* Build configuration list for PBXNativeTarget "MapIntegration1Tests" */;
			buildPhases = (
				C707278F2D717A9C00BD4CF0 /* Sources */,
				C70727902D717A9C00BD4CF0 /* Frameworks */,
				C70727912D717A9C00BD4CF0 /* Resources */,
			);
			buildRules = (
			);
			dependencies = (
				C70727952D717A9C00BD4CF0 /* PBXTargetDependency */,
			);
			fileSystemSynchronizedGroups = (
				C70727962D717A9C00BD4CF0 /* MapIntegration1Tests */,
			);
			name = MapIntegration1Tests;
			packageProductDependencies = (
			);
			productName = MapIntegration1Tests;
			productReference = C70727932D717A9C00BD4CF0 /* MapIntegration1Tests.xctest */;
			productType = "com.apple.product-type.bundle.unit-test";
		};
		C707279C2D717A9C00BD4CF0 /* MapIntegration1UITests */ = {
			isa = PBXNativeTarget;
			buildConfigurationList = C70727AE2D717A9C00BD4CF0 /* Build configuration list for PBXNativeTarget "MapIntegration1UITests" */;
			buildPhases = (
				C70727992D717A9C00BD4CF0 /* Sources */,
				C707279A2D717A9C00BD4CF0 /* Frameworks */,
				C707279B2D717A9C00BD4CF0 /* Resources */,
			);
			buildRules = (
			);
			dependencies = (
				C707279F2D717A9C00BD4CF0 /* PBXTargetDependency */,
			);
			fileSystemSynchronizedGroups = (
				C70727A02D717A9C00BD4CF0 /* MapIntegration1UITests */,
			);
			name = MapIntegration1UITests;
			packageProductDependencies = (
			);
			productName = MapIntegration1UITests;
			productReference = C707279D2D717A9C00BD4CF0 /* MapIntegration1UITests.xctest */;
			productType = "com.apple.product-type.bundle.ui-testing";
		};
/* End PBXNativeTarget section */

/* Begin PBXProject section */
		C70727752D717A9900BD4CF0 /* Project object */ = {
			isa = PBXProject;
			attributes = {
				BuildIndependentTargetsInParallel = 1;
				LastSwiftUpdateCheck = 1620;
				LastUpgradeCheck = 1620;
				TargetAttributes = {
					C707277C2D717A9900BD4CF0 = {
						CreatedOnToolsVersion = 16.2;
					};
					C70727922D717A9C00BD4CF0 = {
						CreatedOnToolsVersion = 16.2;
						TestTargetID = C707277C2D717A9900BD4CF0;
					};
					C707279C2D717A9C00BD4CF0 = {
						CreatedOnToolsVersion = 16.2;
						TestTargetID = C707277C2D717A9900BD4CF0;
					};
				};
			};
			buildConfigurationList = C70727782D717A9900BD4CF0 /* Build configuration list for PBXProject "MapIntegration1" */;
			developmentRegion = en;
			hasScannedForEncodings = 0;
			knownRegions = (
				en,
				Base,
			);
			mainGroup = C70727742D717A9900BD4CF0;
			minimizedProjectReferenceProxies = 1;
			preferredProjectObjectVersion = 77;
			productRefGroup = C707277E2D717A9900BD4CF0 /* Products */;
			projectDirPath = "";
			projectRoot = "";
			targets = (
				C707277C2D717A9900BD4CF0 /* MapIntegration1 */,
				C70727922D717A9C00BD4CF0 /* MapIntegration1Tests */,
				C707279C2D717A9C00BD4CF0 /* MapIntegration1UITests */,
			);
		};
/* End PBXProject section */

/* Begin PBXResourcesBuildPhase section */
		C707277B2D717A9900BD4CF0 /* Resources */ = {
			isa = PBXResourcesBuildPhase;
			buildActionMask = 2147483647;
			files = (
			);
			runOnlyForDeploymentPostprocessing = 0;
		};
		C70727912D717A9C00BD4CF0 /* Resources */ = {
			isa = PBXResourcesBuildPhase;
			buildActionMask = 2147483647;
			files = (
			);
			runOnlyForDeploymentPostprocessing = 0;
		};
		C707279B2D717A9C00BD4CF0 /* Resources */ = {
			isa = PBXResourcesBuildPhase;
			buildActionMask = 2147483647;
			files = (
			);
			runOnlyForDeploymentPostprocessing = 0;
		};
/* End PBXResourcesBuildPhase section */

/* Begin PBXSourcesBuildPhase section */
		C70727792D717A9900BD4CF0 /* Sources */ = {
			isa = PBXSourcesBuildPhase;
			buildActionMask = 2147483647;
			files = (
			);
			runOnlyForDeploymentPostprocessing = 0;
		};
		C707278F2D717A9C00BD4CF0 /* Sources */ = {
			isa = PBXSourcesBuildPhase;
			buildActionMask = 2147483647;
			files = (
			);
			runOnlyForDeploymentPostprocessing = 0;
		};
		C70727992D717A9C00BD4CF0 /* Sources */ = {
			isa = PBXSourcesBuildPhase;
			buildActionMask = 2147483647;
			files = (
			);
			runOnlyForDeploymentPostprocessing = 0;
		};
/* End PBXSourcesBuildPhase section */

/* Begin PBXTargetDependency section */
		C70727952D717A9C00BD4CF0 /* PBXTargetDependency */ = {
			isa = PBXTargetDependency;
			target = C707277C2D717A9900BD4CF0 /* MapIntegration1 */;
			targetProxy = C70727942D717A9C00BD4CF0 /* PBXContainerItemProxy */;
		};
		C707279F2D717A9C00BD4CF0 /* PBXTargetDependency */ = {
			isa = PBXTargetDependency;
			target = C707277C2D717A9900BD4CF0 /* MapIntegration1 */;
			targetProxy = C707279E2D717A9C00BD4CF0 /* PBXContainerItemProxy */;
		};
/* End PBXTargetDependency section */

/* Begin XCBuildConfiguration section */
		C70727A72D717A9C00BD4CF0 /* Debug */ = {
			isa = XCBuildConfiguration;
			buildSettings = {
				ASSETCATALOG_COMPILER_APPICON_NAME = AppIcon;
				ASSETCATALOG_COMPILER_GLOBAL_ACCENT_COLOR_NAME = AccentColor;
				CODE_SIGN_STYLE = Automatic;
				CURRENT_PROJECT_VERSION = 1;
				DEVELOPMENT_TEAM = 23PV2H584A;
				GENERATE_INFOPLIST_FILE = YES;
				INFOPLIST_FILE = MapIntegration1/Info.plist;
				INFOPLIST_KEY_UIApplicationSupportsIndirectInputEvents = YES;
				INFOPLIST_KEY_UILaunchStoryboardName = LaunchScreen;
				INFOPLIST_KEY_UIMainStoryboardFile = Main;
				INFOPLIST_KEY_UISupportedInterfaceOrientations_iPad = "UIInterfaceOrientationPortrait UIInterfaceOrientationPortraitUpsideDown UIInterfaceOrientationLandscapeLeft UIInterfaceOrientationLandscapeRight";
				INFOPLIST_KEY_UISupportedInterfaceOrientations_iPhone = "UIInterfaceOrientationPortrait UIInterfaceOrientationLandscapeLeft UIInterfaceOrientationLandscapeRight";
				LD_RUNPATH_SEARCH_PATHS = (
					"$(inherited)",
					"@executable_path/Frameworks",
				);
				MARKETING_VERSION = 1.0;
				PRODUCT_BUNDLE_IDENTIFIER = com.MapIntegration1;
				PRODUCT_NAME = "$(TARGET_NAME)";
				SWIFT_EMIT_LOC_STRINGS = YES;
				SWIFT_VERSION = 5.0;
				TARGETED_DEVICE_FAMILY = "1,2";
			};
			name = Debug;
		};
		C70727A82D717A9C00BD4CF0 /* Release */ = {
			isa = XCBuildConfiguration;
			buildSettings = {
				ASSETCATALOG_COMPILER_APPICON_NAME = AppIcon;
				ASSETCATALOG_COMPILER_GLOBAL_ACCENT_COLOR_NAME = AccentColor;
				CODE_SIGN_STYLE = Automatic;
				CURRENT_PROJECT_VERSION = 1;
				DEVELOPMENT_TEAM = 23PV2H584A;
				GENERATE_INFOPLIST_FILE = YES;
				INFOPLIST_FILE = MapIntegration1/Info.plist;
				INFOPLIST_KEY_UIApplicationSupportsIndirectInputEvents = YES;
				INFOPLIST_KEY_UILaunchStoryboardName = LaunchScreen;
				INFOPLIST_KEY_UIMainStoryboardFile = Main;
				INFOPLIST_KEY_UISupportedInterfaceOrientations_iPad = "UIInterfaceOrientationPortrait UIInterfaceOrientationPortraitUpsideDown UIInterfaceOrientationLandscapeLeft UIInterfaceOrientationLandscapeRight";
				INFOPLIST_KEY_UISupportedInterfaceOrientations_iPhone = "UIInterfaceOrientationPortrait UIInterfaceOrientationLandscapeLeft UIInterfaceOrientationLandscapeRight";
				LD_RUNPATH_SEARCH_PATHS = (
					"$(inherited)",
					"@executable_path/Frameworks",
				);
				MARKETING_VERSION = 1.0;
				PRODUCT_BUNDLE_IDENTIFIER = com.MapIntegration1;
				PRODUCT_NAME = "$(TARGET_NAME)";
				SWIFT_EMIT_LOC_STRINGS = YES;
				SWIFT_VERSION = 5.0;
				TARGETED_DEVICE_FAMILY = "1,2";
			};
			name = Release;
		};
		C70727A92D717A9C00BD4CF0 /* Debug */ = {
			isa = XCBuildConfiguration;
			buildSettings = {
				ALWAYS_SEARCH_USER_PATHS = NO;
				ASSETCATALOG_COMPILER_GENERATE_SWIFT_ASSET_SYMBOL_EXTENSIONS = YES;
				CLANG_ANALYZER_NONNULL = YES;
				CLANG_ANALYZER_NUMBER_OBJECT_CONVERSION = YES_AGGRESSIVE;
				CLANG_CXX_LANGUAGE_STANDARD = "gnu++20";
				CLANG_ENABLE_MODULES = YES;
				CLANG_ENABLE_OBJC_ARC = YES;
				CLANG_ENABLE_OBJC_WEAK = YES;
				CLANG_WARN_BLOCK_CAPTURE_AUTORELEASING = YES;
				CLANG_WARN_BOOL_CONVERSION = YES;
				CLANG_WARN_COMMA = YES;
				CLANG_WARN_CONSTANT_CONVERSION = YES;
				CLANG_WARN_DEPRECATED_OBJC_IMPLEMENTATIONS = YES;
				CLANG_WARN_DIRECT_OBJC_ISA_USAGE = YES_ERROR;
				CLANG_WARN_DOCUMENTATION_COMMENTS = YES;
				CLANG_WARN_EMPTY_BODY = YES;
				CLANG_WARN_ENUM_CONVERSION = YES;
				CLANG_WARN_INFINITE_RECURSION = YES;
				CLANG_WARN_INT_CONVERSION = YES;
				CLANG_WARN_NON_LITERAL_NULL_CONVERSION = YES;
				CLANG_WARN_OBJC_IMPLICIT_RETAIN_SELF = YES;
				CLANG_WARN_OBJC_LITERAL_CONVERSION = YES;
				CLANG_WARN_OBJC_ROOT_CLASS = YES_ERROR;
				CLANG_WARN_QUOTED_INCLUDE_IN_FRAMEWORK_HEADER = YES;
				CLANG_WARN_RANGE_LOOP_ANALYSIS = YES;
				CLANG_WARN_STRICT_PROTOTYPES = YES;
				CLANG_WARN_SUSPICIOUS_MOVE = YES;
				CLANG_WARN_UNGUARDED_AVAILABILITY = YES_AGGRESSIVE;
				CLANG_WARN_UNREACHABLE_CODE = YES;
				CLANG_WARN__DUPLICATE_METHOD_MATCH = YES;
				COPY_PHASE_STRIP = NO;
				DEBUG_INFORMATION_FORMAT = dwarf;
				ENABLE_STRICT_OBJC_MSGSEND = YES;
				ENABLE_TESTABILITY = YES;
				ENABLE_USER_SCRIPT_SANDBOXING = YES;
				GCC_C_LANGUAGE_STANDARD = gnu17;
				GCC_DYNAMIC_NO_PIC = NO;
				GCC_NO_COMMON_BLOCKS = YES;
				GCC_OPTIMIZATION_LEVEL = 0;
				GCC_PREPROCESSOR_DEFINITIONS = (
					"DEBUG=1",
					"$(inherited)",
				);
				GCC_WARN_64_TO_32_BIT_CONVERSION = YES;
				GCC_WARN_ABOUT_RETURN_TYPE = YES_ERROR;
				GCC_WARN_UNDECLARED_SELECTOR = YES;
				GCC_WARN_UNINITIALIZED_AUTOS = YES_AGGRESSIVE;
				GCC_WARN_UNUSED_FUNCTION = YES;
				GCC_WARN_UNUSED_VARIABLE = YES;
				IPHONEOS_DEPLOYMENT_TARGET = 18.2;
				LOCALIZATION_PREFERS_STRING_CATALOGS = YES;
				MTL_ENABLE_DEBUG_INFO = INCLUDE_SOURCE;
				MTL_FAST_MATH = YES;
				ONLY_ACTIVE_ARCH = YES;
				SDKROOT = iphoneos;
				SWIFT_ACTIVE_COMPILATION_CONDITIONS = "DEBUG $(inherited)";
				SWIFT_OPTIMIZATION_LEVEL = "-Onone";
			};
			name = Debug;
		};
		C70727AA2D717A9C00BD4CF0 /* Release */ = {
			isa = XCBuildConfiguration;
			buildSettings = {
				ALWAYS_SEARCH_USER_PATHS = NO;
				ASSETCATALOG_COMPILER_GENERATE_SWIFT_ASSET_SYMBOL_EXTENSIONS = YES;
				CLANG_ANALYZER_NONNULL = YES;
				CLANG_ANALYZER_NUMBER_OBJECT_CONVERSION = YES_AGGRESSIVE;
				CLANG_CXX_LANGUAGE_STANDARD = "gnu++20";
				CLANG_ENABLE_MODULES = YES;
				CLANG_ENABLE_OBJC_ARC = YES;
				CLANG_ENABLE_OBJC_WEAK = YES;
				CLANG_WARN_BLOCK_CAPTURE_AUTORELEASING = YES;
				CLANG_WARN_BOOL_CONVERSION = YES;
				CLANG_WARN_COMMA = YES;
				CLANG_WARN_CONSTANT_CONVERSION = YES;
				CLANG_WARN_DEPRECATED_OBJC_IMPLEMENTATIONS = YES;
				CLANG_WARN_DIRECT_OBJC_ISA_USAGE = YES_ERROR;
				CLANG_WARN_DOCUMENTATION_COMMENTS = YES;
				CLANG_WARN_EMPTY_BODY = YES;
				CLANG_WARN_ENUM_CONVERSION = YES;
				CLANG_WARN_INFINITE_RECURSION = YES;
				CLANG_WARN_INT_CONVERSION = YES;
				CLANG_WARN_NON_LITERAL_NULL_CONVERSION = YES;
				CLANG_WARN_OBJC_IMPLICIT_RETAIN_SELF = YES;
				CLANG_WARN_OBJC_LITERAL_CONVERSION = YES;
				CLANG_WARN_OBJC_ROOT_CLASS = YES_ERROR;
				CLANG_WARN_QUOTED_INCLUDE_IN_FRAMEWORK_HEADER = YES;
				CLANG_WARN_RANGE_LOOP_ANALYSIS = YES;
				CLANG_WARN_STRICT_PROTOTYPES = YES;
				CLANG_WARN_SUSPICIOUS_MOVE = YES;
				CLANG_WARN_UNGUARDED_AVAILABILITY = YES_AGGRESSIVE;
				CLANG_WARN_UNREACHABLE_CODE = YES;
				CLANG_WARN__DUPLICATE_METHOD_MATCH = YES;
				COPY_PHASE_STRIP = NO;
				DEBUG_INFORMATION_FORMAT = "dwarf-with-dsym";
				ENABLE_NS_ASSERTIONS = NO;
				ENABLE_STRICT_OBJC_MSGSEND = YES;
				ENABLE_USER_SCRIPT_SANDBOXING = YES;
				GCC_C_LANGUAGE_STANDARD = gnu17;
				GCC_NO_COMMON_BLOCKS = YES;
				GCC_WARN_64_TO_32_BIT_CONVERSION = YES;
				GCC_WARN_ABOUT_RETURN_TYPE = YES_ERROR;
				GCC_WARN_UNDECLARED_SELECTOR = YES;
				GCC_WARN_UNINITIALIZED_AUTOS = YES_AGGRESSIVE;
				GCC_WARN_UNUSED_FUNCTION = YES;
				GCC_WARN_UNUSED_VARIABLE = YES;
				IPHONEOS_DEPLOYMENT_TARGET = 18.2;
				LOCALIZATION_PREFERS_STRING_CATALOGS = YES;
				MTL_ENABLE_DEBUG_INFO = NO;
				MTL_FAST_MATH = YES;
				SDKROOT = iphoneos;
				SWIFT_COMPILATION_MODE = wholemodule;
				VALIDATE_PRODUCT = YES;
			};
			name = Release;
		};
		C70727AC2D717A9C00BD4CF0 /* Debug */ = {
			isa = XCBuildConfiguration;
			buildSettings = {
				BUNDLE_LOADER = "$(TEST_HOST)";
				CODE_SIGN_STYLE = Automatic;
				CURRENT_PROJECT_VERSION = 1;
				DEVELOPMENT_TEAM = 23PV2H584A;
				GENERATE_INFOPLIST_FILE = YES;
				IPHONEOS_DEPLOYMENT_TARGET = 18.2;
				MARKETING_VERSION = 1.0;
				PRODUCT_BUNDLE_IDENTIFIER = com.MapIntegration1Tests;
				PRODUCT_NAME = "$(TARGET_NAME)";
				SWIFT_EMIT_LOC_STRINGS = NO;
				SWIFT_VERSION = 5.0;
				TARGETED_DEVICE_FAMILY = "1,2";
				TEST_HOST = "$(BUILT_PRODUCTS_DIR)/MapIntegration1.app/$(BUNDLE_EXECUTABLE_FOLDER_PATH)/MapIntegration1";
			};
			name = Debug;
		};
		C70727AD2D717A9C00BD4CF0 /* Release */ = {
			isa = XCBuildConfiguration;
			buildSettings = {
				BUNDLE_LOADER = "$(TEST_HOST)";
				CODE_SIGN_STYLE = Automatic;
				CURRENT_PROJECT_VERSION = 1;
				DEVELOPMENT_TEAM = 23PV2H584A;
				GENERATE_INFOPLIST_FILE = YES;
				IPHONEOS_DEPLOYMENT_TARGET = 18.2;
				MARKETING_VERSION = 1.0;
				PRODUCT_BUNDLE_IDENTIFIER = com.MapIntegration1Tests;
				PRODUCT_NAME = "$(TARGET_NAME)";
				SWIFT_EMIT_LOC_STRINGS = NO;
				SWIFT_VERSION = 5.0;
				TARGETED_DEVICE_FAMILY = "1,2";
				TEST_HOST = "$(BUILT_PRODUCTS_DIR)/MapIntegration1.app/$(BUNDLE_EXECUTABLE_FOLDER_PATH)/MapIntegration1";
			};
			name = Release;
		};
		C70727AF2D717A9C00BD4CF0 /* Debug */ = {
			isa = XCBuildConfiguration;
			buildSettings = {
				CODE_SIGN_STYLE = Automatic;
				CURRENT_PROJECT_VERSION = 1;
				DEVELOPMENT_TEAM = 23PV2H584A;
				GENERATE_INFOPLIST_FILE = YES;
				MARKETING_VERSION = 1.0;
				PRODUCT_BUNDLE_IDENTIFIER = com.MapIntegration1UITests;
				PRODUCT_NAME = "$(TARGET_NAME)";
				SWIFT_EMIT_LOC_STRINGS = NO;
				SWIFT_VERSION = 5.0;
				TARGETED_DEVICE_FAMILY = "1,2";
				TEST_TARGET_NAME = MapIntegration1;
			};
			name = Debug;
		};
		C70727B02D717A9C00BD4CF0 /* Release */ = {
			isa = XCBuildConfiguration;
			buildSettings = {
				CODE_SIGN_STYLE = Automatic;
				CURRENT_PROJECT_VERSION = 1;
				DEVELOPMENT_TEAM = 23PV2H584A;
				GENERATE_INFOPLIST_FILE = YES;
				MARKETING_VERSION = 1.0;
				PRODUCT_BUNDLE_IDENTIFIER = com.MapIntegration1UITests;
				PRODUCT_NAME = "$(TARGET_NAME)";
				SWIFT_EMIT_LOC_STRINGS = NO;
				SWIFT_VERSION = 5.0;
				TARGETED_DEVICE_FAMILY = "1,2";
				TEST_TARGET_NAME = MapIntegration1;
			};
			name = Release;
		};
/* End XCBuildConfiguration section */

/* Begin XCConfigurationList section */
		C70727782D717A9900BD4CF0 /* Build configuration list for PBXProject "MapIntegration1" */ = {
			isa = XCConfigurationList;
			buildConfigurations = (
				C70727A92D717A9C00BD4CF0 /* Debug */,
				C70727AA2D717A9C00BD4CF0 /* Release */,
			);
			defaultConfigurationIsVisible = 0;
			defaultConfigurationName = Release;
		};
		C70727A62D717A9C00BD4CF0 /* Build configuration list for PBXNativeTarget "MapIntegration1" */ = {
			isa = XCConfigurationList;
			buildConfigurations = (
				C70727A72D717A9C00BD4CF0 /* Debug */,
				C70727A82D717A9C00BD4CF0 /* Release */,
			);
			defaultConfigurationIsVisible = 0;
			defaultConfigurationName = Release;
		};
		C70727AB2D717A9C00BD4CF0 /* Build configuration list for PBXNativeTarget "MapIntegration1Tests" */ = {
			isa = XCConfigurationList;
			buildConfigurations = (
				C70727AC2D717A9C00BD4CF0 /* Debug */,
				C70727AD2D717A9C00BD4CF0 /* Release */,
			);
			defaultConfigurationIsVisible = 0;
			defaultConfigurationName = Release;
		};
		C70727AE2D717A9C00BD4CF0 /* Build configuration list for PBXNativeTarget "MapIntegration1UITests" */ = {
			isa = XCConfigurationList;
			buildConfigurations = (
				C70727AF2D717A9C00BD4CF0 /* Debug */,
				C70727B02D717A9C00BD4CF0 /* Release */,
			);
			defaultConfigurationIsVisible = 0;
			defaultConfigurationName = Release;
		};
/* End XCConfigurationList section */
	};
	rootObject = C70727752D717A9900BD4CF0 /* Project object */;
}
